
Microsoft Visual Studio Solution File, Format Version 12.00
# Visual Studio Version 17
VisualStudioVersion = 17.6.33706.43
MinimumVisualStudioVersion = 10.0.40219.1
Project("{2150E333-8FDC-42A3-9474-1A3956D46DE8}") = ".paket", ".paket", "{2E1AA99B-3996-4E77-A4DB-7F8C482815C2}"
	ProjectSection(SolutionItems) = preProject
		paket.dependencies = paket.dependencies
		paket.lock = paket.lock
	EndProjectSection
EndProject
Project("{F2A71F9B-5D33-465A-A702-920D77279786}") = "GNogueira.SupermarketScrapeTool.API", "GNogueira.SupermarketScrapeTool.API\GNogueira.SupermarketScrapeTool.API.fsproj", "{91975753-4D82-4DDA-9BC7-B78AC97C917F}"
EndProject
Project("{F2A71F9B-5D33-465A-A702-920D77279786}") = "GNogueira.SupermarketScrapeTool.Test", "GNogueira.SupermarketScrapeTool.Test\GNogueira.SupermarketScrapeTool.Test.fsproj", "{A2762B55-CDD9-4148-8467-F2D83548FC68}"
EndProject
Project("{F2A71F9B-5D33-465A-A702-920D77279786}") = "GNogueira.SupermarketScrapeTool.Models", "GNogueira.SupermarketScrapeTool.Models\GNogueira.SupermarketScrapeTool.Models.fsproj", "{185545CF-3626-428D-9262-D63F3ED3C382}"
EndProject
Project("{F2A71F9B-5D33-465A-A702-920D77279786}") = "GNogueira.SupermarketScrapeTool.Clients", "GNogueira.SupermarketScrapeTool.Clients\GNogueira.SupermarketScrapeTool.Clients.fsproj", "{338B808E-AE8C-4D00-9076-356BFB748728}"
EndProject
Project("{F2A71F9B-5D33-465A-A702-920D77279786}") = "GNogueira.SupermarketScrapeTool.Functions.ProductPopulator", "GNogueira.SupermarketScrapeTool.Functions.ProductPopulator\GNogueira.SupermarketScrapeTool.Functions.ProductPopulator.fsproj", "{21FBA7CC-D8BC-420C-A724-3683E6736A21}"
EndProject
Project("{F2A71F9B-5D33-465A-A702-920D77279786}") = "GNogueira.SupermarketScrapeTool.Common", "GNogueira.SupermarketScrapeTool.Common\GNogueira.SupermarketScrapeTool.Common.fsproj", "{ADB12296-6844-43FB-9BB3-7A88D062E62A}"
EndProject
Project("{2150E333-8FDC-42A3-9474-1A3956D46DE8}") = "solutionItems", "solutionItems", "{4C409187-ED08-4DCC-A061-A70B12654775}"
	ProjectSection(SolutionItems) = preProject
		README.md = README.md
	EndProjectSection
EndProject
Project("{F2A71F9B-5D33-465A-A702-920D77279786}") = "GNogueira.SupermarketScrapeTool.Scrapper", "GNogueira.SupermarketScrapeTool.Scrapper\GNogueira.SupermarketScrapeTool.Scrapper.fsproj", "{FF6072F9-09BB-4D71-A836-FC80655391CF}"
EndProject
Global
	GlobalSection(SolutionConfigurationPlatforms) = preSolution
		Debug|Any CPU = Debug|Any CPU
		Release|Any CPU = Release|Any CPU
	EndGlobalSection
	GlobalSection(ProjectConfigurationPlatforms) = postSolution
		{91975753-4D82-4DDA-9BC7-B78AC97C917F}.Debug|Any CPU.ActiveCfg = Debug|Any CPU
		{91975753-4D82-4DDA-9BC7-B78AC97C917F}.Debug|Any CPU.Build.0 = Debug|Any CPU
		{91975753-4D82-4DDA-9BC7-B78AC97C917F}.Release|Any CPU.ActiveCfg = Release|Any CPU
		{91975753-4D82-4DDA-9BC7-B78AC97C917F}.Release|Any CPU.Build.0 = Release|Any CPU
		{A2762B55-CDD9-4148-8467-F2D83548FC68}.Debug|Any CPU.ActiveCfg = Debug|Any CPU
		{A2762B55-CDD9-4148-8467-F2D83548FC68}.Debug|Any CPU.Build.0 = Debug|Any CPU
		{A2762B55-CDD9-4148-8467-F2D83548FC68}.Release|Any CPU.ActiveCfg = Release|Any CPU
		{A2762B55-CDD9-4148-8467-F2D83548FC68}.Release|Any CPU.Build.0 = Release|Any CPU
		{185545CF-3626-428D-9262-D63F3ED3C382}.Debug|Any CPU.ActiveCfg = Debug|Any CPU
		{185545CF-3626-428D-9262-D63F3ED3C382}.Debug|Any CPU.Build.0 = Debug|Any CPU
		{185545CF-3626-428D-9262-D63F3ED3C382}.Release|Any CPU.ActiveCfg = Release|Any CPU
		{185545CF-3626-428D-9262-D63F3ED3C382}.Release|Any CPU.Build.0 = Release|Any CPU
		{338B808E-AE8C-4D00-9076-356BFB748728}.Debug|Any CPU.ActiveCfg = Debug|Any CPU
		{338B808E-AE8C-4D00-9076-356BFB748728}.Debug|Any CPU.Build.0 = Debug|Any CPU
		{338B808E-AE8C-4D00-9076-356BFB748728}.Release|Any CPU.ActiveCfg = Release|Any CPU
		{338B808E-AE8C-4D00-9076-356BFB748728}.Release|Any CPU.Build.0 = Release|Any CPU
		{21FBA7CC-D8BC-420C-A724-3683E6736A21}.Debug|Any CPU.ActiveCfg = Debug|Any CPU
		{21FBA7CC-D8BC-420C-A724-3683E6736A21}.Debug|Any CPU.Build.0 = Debug|Any CPU
		{21FBA7CC-D8BC-420C-A724-3683E6736A21}.Release|Any CPU.ActiveCfg = Release|Any CPU
		{21FBA7CC-D8BC-420C-A724-3683E6736A21}.Release|Any CPU.Build.0 = Release|Any CPU
		{ADB12296-6844-43FB-9BB3-7A88D062E62A}.Debug|Any CPU.ActiveCfg = Debug|Any CPU
		{ADB12296-6844-43FB-9BB3-7A88D062E62A}.Debug|Any CPU.Build.0 = Debug|Any CPU
		{ADB12296-6844-43FB-9BB3-7A88D062E62A}.Release|Any CPU.ActiveCfg = Release|Any CPU
		{ADB12296-6844-43FB-9BB3-7A88D062E62A}.Release|Any CPU.Build.0 = Release|Any CPU
		{FF6072F9-09BB-4D71-A836-FC80655391CF}.Debug|Any CPU.ActiveCfg = Debug|Any CPU
		{FF6072F9-09BB-4D71-A836-FC80655391CF}.Debug|Any CPU.Build.0 = Debug|Any CPU
		{FF6072F9-09BB-4D71-A836-FC80655391CF}.Release|Any CPU.ActiveCfg = Release|Any CPU
		{FF6072F9-09BB-4D71-A836-FC80655391CF}.Release|Any CPU.Build.0 = Release|Any CPU
	EndGlobalSection
	GlobalSection(SolutionProperties) = preSolution
		HideSolutionNode = FALSE
	EndGlobalSection
	GlobalSection(ExtensibilityGlobals) = postSolution
		SolutionGuid = {B1AF13B4-09E5-46B4-BEE2-EEC6150DEE6E}
	EndGlobalSection
	GlobalSection(NestedProjects) = preSolution
	EndGlobalSection
EndGlobal
